
Microsoft Visual Studio Solution File, Format Version 12.00
# Visual Studio Version 17
VisualStudioVersion = 17.1.32421.90
MinimumVisualStudioVersion = 10.0.40219.1
Project("{9A19103F-16F7-4668-BE54-9A1E7A4F7556}") = "KomisSamochodowy", "KomisSamochodowy\KomisSamochodowy.csproj", "{56C34E7E-0BAE-45EF-8D8C-748B605CA99A}"
EndProject
Global
	GlobalSection(SolutionConfigurationPlatforms) = preSolution
		Debug|Any CPU = Debug|Any CPU
		Release|Any CPU = Release|Any CPU
	EndGlobalSection
	GlobalSection(ProjectConfigurationPlatforms) = postSolution
		{56C34E7E-0BAE-45EF-8D8C-748B605CA99A}.Debug|Any CPU.ActiveCfg = Debug|Any CPU
		{56C34E7E-0BAE-45EF-8D8C-748B605CA99A}.Debug|Any CPU.Build.0 = Debug|Any CPU
		{56C34E7E-0BAE-45EF-8D8C-748B605CA99A}.Release|Any CPU.ActiveCfg = Release|Any CPU
		{56C34E7E-0BAE-45EF-8D8C-748B605CA99A}.Release|Any CPU.Build.0 = Release|Any CPU
	EndGlobalSection
	GlobalSection(SolutionProperties) = preSolution
		HideSolutionNode = FALSE
	EndGlobalSection
	GlobalSection(ExtensibilityGlobals) = postSolution
		SolutionGuid = {90008014-0FEF-4239-90C0-EFE7D0B7650F}
	EndGlobalSection
EndGlobal
